PODS:
  - BubbleTask/Debug (0.3.0)
  - SDWebImage (5.13.0):
    - SDWebImage/Core (= 5.13.0)
  - SDWebImage/Core (5.13.0)

DEPENDENCIES:
  - "BubbleTask/Debug (from `git@github.com:raulmax319/bubbletask.git`, tag `0.3.0`)"
  - SDWebImage

SPEC REPOS:
  trunk:
    - SDWebImage

EXTERNAL SOURCES:
  BubbleTask:
    :git: "git@github.com:raulmax319/bubbletask.git"
    :tag: 0.3.0

CHECKOUT OPTIONS:
  BubbleTask:
    :git: "git@github.com:raulmax319/bubbletask.git"
    :tag: 0.3.0

SPEC CHECKSUMS:
  BubbleTask: f6f9eee612a3cfa60e15a4101a4dac5a2f4395c5
  SDWebImage: 0327043dbb9533e75f2eff8445b3df0f2ceca6ac

PODFILE CHECKSUM: b121b0d7cacf891b3ef511b429ddac6caed7206b

COCOAPODS: 1.11.3
