PODS:
  - BubbleTask/Debug (0.2.0)
  - SDWebImage (5.13.0):
    - SDWebImage/Core (= 5.13.0)
  - SDWebImage/Core (5.13.0)

DEPENDENCIES:
  - "BubbleTask/Debug (from `git@github.com:raulmax319/bubbletask.git`, tag `0.2.1`)"
  - SDWebImage

SPEC REPOS:
  trunk:
    - SDWebImage

EXTERNAL SOURCES:
  BubbleTask:
    :git: "git@github.com:raulmax319/bubbletask.git"
    :tag: 0.2.1

CHECKOUT OPTIONS:
  BubbleTask:
    :git: "git@github.com:raulmax319/bubbletask.git"
    :tag: 0.2.1

SPEC CHECKSUMS:
  BubbleTask: d62cd35f1d0de21714accee50807685da4e9a757
  SDWebImage: 0327043dbb9533e75f2eff8445b3df0f2ceca6ac

PODFILE CHECKSUM: 1a2e44efbf5e5e0d6da7728bf4b43d57dd740b50

COCOAPODS: 1.11.3
