PODS:
  - BubbleTask/Debug (0.1.0)

DEPENDENCIES:
  - "BubbleTask/Debug (from `git@github.com:raulmax319/bubbletask.git`)"

EXTERNAL SOURCES:
  BubbleTask:
    :git: "git@github.com:raulmax319/bubbletask.git"

CHECKOUT OPTIONS:
  BubbleTask:
    :commit: 1a25b13930de46619fcce5c139eb30ae33005721
    :git: "git@github.com:raulmax319/bubbletask.git"

SPEC CHECKSUMS:
  BubbleTask: 27acde0ca14305363654addcca3f6d7af5469722

PODFILE CHECKSUM: 6e5c32d9400fec1115314643815be7ea9634a54c

COCOAPODS: 1.11.3
