// !$*UTF8*$!
{
	archiveVersion = 1;
	classes = {
	};
	objectVersion = 55;
	objects = {

/* Begin PBXBuildFile section */
		99BCF946C70E1AB6A819FD41 /* Pods_Soundify.framework in Frameworks */ = {isa = PBXBuildFile; fileRef = CD81084B37D59920B433F041 /* Pods_Soundify.framework */; };
		F11BB9422875289800F76EB3 /* AppDelegate.swift in Sources */ = {isa = PBXBuildFile; fileRef = F11BB9412875289800F76EB3 /* AppDelegate.swift */; };
		F11BB94B2875289800F76EB3 /* Assets.xcassets in Resources */ = {isa = PBXBuildFile; fileRef = F11BB94A2875289800F76EB3 /* Assets.xcassets */; };
		F11BB94E2875289800F76EB3 /* LaunchScreen.storyboard in Resources */ = {isa = PBXBuildFile; fileRef = F11BB94C2875289800F76EB3 /* LaunchScreen.storyboard */; };
		F11BB959287529AF00F76EB3 /* Coordinator.swift in Sources */ = {isa = PBXBuildFile; fileRef = F11BB958287529AF00F76EB3 /* Coordinator.swift */; };
		F11BB95E28752A6D00F76EB3 /* WelcomeCoordinator.swift in Sources */ = {isa = PBXBuildFile; fileRef = F11BB95D28752A6D00F76EB3 /* WelcomeCoordinator.swift */; };
		F11BB96028752B5A00F76EB3 /* WelcomeViewController.swift in Sources */ = {isa = PBXBuildFile; fileRef = F11BB95F28752B5A00F76EB3 /* WelcomeViewController.swift */; };
		F11BB96328752CAE00F76EB3 /* WelcomeView.swift in Sources */ = {isa = PBXBuildFile; fileRef = F11BB96228752CAE00F76EB3 /* WelcomeView.swift */; };
		F17153952875E80A00B6126B /* HttpPostClient.swift in Sources */ = {isa = PBXBuildFile; fileRef = F17153942875E80A00B6126B /* HttpPostClient.swift */; };
		F17153972875EA8C00B6126B /* Response.swift in Sources */ = {isa = PBXBuildFile; fileRef = F17153962875EA8C00B6126B /* Response.swift */; };
		F17153992875EAFF00B6126B /* HttpClient.swift in Sources */ = {isa = PBXBuildFile; fileRef = F17153982875EAFF00B6126B /* HttpClient.swift */; };
		F1AAF91D28784E6C00CE7427 /* SignInCoordinator.swift in Sources */ = {isa = PBXBuildFile; fileRef = F1AAF91C28784E6C00CE7427 /* SignInCoordinator.swift */; };
		F1AAF9202878768800CE7427 /* AccountModel.swift in Sources */ = {isa = PBXBuildFile; fileRef = F1AAF91F2878768800CE7427 /* AccountModel.swift */; };
		F1AAF922287878D600CE7427 /* Authenticate.swift in Sources */ = {isa = PBXBuildFile; fileRef = F1AAF921287878D600CE7427 /* Authenticate.swift */; };
		F1AAF92528787ACE00CE7427 /* StorageSaveClient.swift in Sources */ = {isa = PBXBuildFile; fileRef = F1AAF92428787ACE00CE7427 /* StorageSaveClient.swift */; };
		F1AAF92828787B2400CE7427 /* StorageClient.swift in Sources */ = {isa = PBXBuildFile; fileRef = F1AAF92728787B2400CE7427 /* StorageClient.swift */; };
		F1BECC1528760F69008EF0DF /* HttpError.swift in Sources */ = {isa = PBXBuildFile; fileRef = F1BECC1428760F69008EF0DF /* HttpError.swift */; };
		F1BECC1728761096008EF0DF /* UnexpectedError.swift in Sources */ = {isa = PBXBuildFile; fileRef = F1BECC1628761096008EF0DF /* UnexpectedError.swift */; };
		F1BECC1928761350008EF0DF /* NoDataError.swift in Sources */ = {isa = PBXBuildFile; fileRef = F1BECC1828761350008EF0DF /* NoDataError.swift */; };
		F1BECC1B28761569008EF0DF /* Environment.swift in Sources */ = {isa = PBXBuildFile; fileRef = F1BECC1A28761569008EF0DF /* Environment.swift */; };
		F1BECC2328762DCA008EF0DF /* Authentication.swift in Sources */ = {isa = PBXBuildFile; fileRef = F1BECC2228762DCA008EF0DF /* Authentication.swift */; };
		F1BECC2728762F85008EF0DF /* AuthenticationManager.swift in Sources */ = {isa = PBXBuildFile; fileRef = F1BECC2628762F85008EF0DF /* AuthenticationManager.swift */; };
		F1BECC2928763661008EF0DF /* Constants.swift in Sources */ = {isa = PBXBuildFile; fileRef = F1BECC2828763661008EF0DF /* Constants.swift */; };
		F1BECC2D28763FE2008EF0DF /* SignInViewController.swift in Sources */ = {isa = PBXBuildFile; fileRef = F1BECC2C28763FE2008EF0DF /* SignInViewController.swift */; };
		F1BECC2F28764013008EF0DF /* SignInView.swift in Sources */ = {isa = PBXBuildFile; fileRef = F1BECC2E28764013008EF0DF /* SignInView.swift */; };
/* End PBXBuildFile section */

/* Begin PBXFileReference section */
		057D77AE60E2490B2AFAF75D /* Pods-Soundify.develop.xcconfig */ = {isa = PBXFileReference; includeInIndex = 1; lastKnownFileType = text.xcconfig; name = "Pods-Soundify.develop.xcconfig"; path = "Target Support Files/Pods-Soundify/Pods-Soundify.develop.xcconfig"; sourceTree = "<group>"; };
		2AAA3D30FF8CDAFAD5AC9E33 /* Pods-Soundify.production.xcconfig */ = {isa = PBXFileReference; includeInIndex = 1; lastKnownFileType = text.xcconfig; name = "Pods-Soundify.production.xcconfig"; path = "Target Support Files/Pods-Soundify/Pods-Soundify.production.xcconfig"; sourceTree = "<group>"; };
		CD81084B37D59920B433F041 /* Pods_Soundify.framework */ = {isa = PBXFileReference; explicitFileType = wrapper.framework; includeInIndex = 0; path = Pods_Soundify.framework; sourceTree = BUILT_PRODUCTS_DIR; };
		F11BB93E2875289800F76EB3 /* Soundify.app */ = {isa = PBXFileReference; explicitFileType = wrapper.application; includeInIndex = 0; path = Soundify.app; sourceTree = BUILT_PRODUCTS_DIR; };
		F11BB9412875289800F76EB3 /* AppDelegate.swift */ = {isa = PBXFileReference; lastKnownFileType = sourcecode.swift; path = AppDelegate.swift; sourceTree = "<group>"; };
		F11BB94A2875289800F76EB3 /* Assets.xcassets */ = {isa = PBXFileReference; lastKnownFileType = folder.assetcatalog; path = Assets.xcassets; sourceTree = "<group>"; };
		F11BB94D2875289800F76EB3 /* Base */ = {isa = PBXFileReference; lastKnownFileType = file.storyboard; name = Base; path = Base.lproj/LaunchScreen.storyboard; sourceTree = "<group>"; };
		F11BB94F2875289800F76EB3 /* Info.plist */ = {isa = PBXFileReference; lastKnownFileType = text.plist.xml; path = Info.plist; sourceTree = "<group>"; };
		F11BB958287529AF00F76EB3 /* Coordinator.swift */ = {isa = PBXFileReference; lastKnownFileType = sourcecode.swift; path = Coordinator.swift; sourceTree = "<group>"; };
		F11BB95D28752A6D00F76EB3 /* WelcomeCoordinator.swift */ = {isa = PBXFileReference; lastKnownFileType = sourcecode.swift; path = WelcomeCoordinator.swift; sourceTree = "<group>"; };
		F11BB95F28752B5A00F76EB3 /* WelcomeViewController.swift */ = {isa = PBXFileReference; lastKnownFileType = sourcecode.swift; path = WelcomeViewController.swift; sourceTree = "<group>"; };
		F11BB96228752CAE00F76EB3 /* WelcomeView.swift */ = {isa = PBXFileReference; lastKnownFileType = sourcecode.swift; path = WelcomeView.swift; sourceTree = "<group>"; };
		F17153942875E80A00B6126B /* HttpPostClient.swift */ = {isa = PBXFileReference; lastKnownFileType = sourcecode.swift; path = HttpPostClient.swift; sourceTree = "<group>"; };
		F17153962875EA8C00B6126B /* Response.swift */ = {isa = PBXFileReference; lastKnownFileType = sourcecode.swift; path = Response.swift; sourceTree = "<group>"; };
		F17153982875EAFF00B6126B /* HttpClient.swift */ = {isa = PBXFileReference; lastKnownFileType = sourcecode.swift; path = HttpClient.swift; sourceTree = "<group>"; };
		F1AAF91C28784E6C00CE7427 /* SignInCoordinator.swift */ = {isa = PBXFileReference; lastKnownFileType = sourcecode.swift; path = SignInCoordinator.swift; sourceTree = "<group>"; };
		F1AAF91F2878768800CE7427 /* AccountModel.swift */ = {isa = PBXFileReference; lastKnownFileType = sourcecode.swift; path = AccountModel.swift; sourceTree = "<group>"; };
		F1AAF921287878D600CE7427 /* Authenticate.swift */ = {isa = PBXFileReference; lastKnownFileType = sourcecode.swift; path = Authenticate.swift; sourceTree = "<group>"; };
		F1AAF92428787ACE00CE7427 /* StorageSaveClient.swift */ = {isa = PBXFileReference; lastKnownFileType = sourcecode.swift; path = StorageSaveClient.swift; sourceTree = "<group>"; };
		F1AAF92728787B2400CE7427 /* StorageClient.swift */ = {isa = PBXFileReference; lastKnownFileType = sourcecode.swift; path = StorageClient.swift; sourceTree = "<group>"; };
		F1BECC1428760F69008EF0DF /* HttpError.swift */ = {isa = PBXFileReference; lastKnownFileType = sourcecode.swift; path = HttpError.swift; sourceTree = "<group>"; };
		F1BECC1628761096008EF0DF /* UnexpectedError.swift */ = {isa = PBXFileReference; lastKnownFileType = sourcecode.swift; path = UnexpectedError.swift; sourceTree = "<group>"; };
		F1BECC1828761350008EF0DF /* NoDataError.swift */ = {isa = PBXFileReference; lastKnownFileType = sourcecode.swift; path = NoDataError.swift; sourceTree = "<group>"; };
		F1BECC1A28761569008EF0DF /* Environment.swift */ = {isa = PBXFileReference; lastKnownFileType = sourcecode.swift; path = Environment.swift; sourceTree = "<group>"; };
		F1BECC2228762DCA008EF0DF /* Authentication.swift */ = {isa = PBXFileReference; lastKnownFileType = sourcecode.swift; path = Authentication.swift; sourceTree = "<group>"; };
		F1BECC2628762F85008EF0DF /* AuthenticationManager.swift */ = {isa = PBXFileReference; lastKnownFileType = sourcecode.swift; path = AuthenticationManager.swift; sourceTree = "<group>"; };
		F1BECC2828763661008EF0DF /* Constants.swift */ = {isa = PBXFileReference; lastKnownFileType = sourcecode.swift; path = Constants.swift; sourceTree = "<group>"; };
		F1BECC2A28763853008EF0DF /* Env.xcconfig */ = {isa = PBXFileReference; lastKnownFileType = text.xcconfig; path = Env.xcconfig; sourceTree = "<group>"; };
		F1BECC2C28763FE2008EF0DF /* SignInViewController.swift */ = {isa = PBXFileReference; lastKnownFileType = sourcecode.swift; path = SignInViewController.swift; sourceTree = "<group>"; };
		F1BECC2E28764013008EF0DF /* SignInView.swift */ = {isa = PBXFileReference; lastKnownFileType = sourcecode.swift; path = SignInView.swift; sourceTree = "<group>"; };
/* End PBXFileReference section */

/* Begin PBXFrameworksBuildPhase section */
		F11BB93B2875289800F76EB3 /* Frameworks */ = {
			isa = PBXFrameworksBuildPhase;
			buildActionMask = 2147483647;
			files = (
				99BCF946C70E1AB6A819FD41 /* Pods_Soundify.framework in Frameworks */,
			);
			runOnlyForDeploymentPostprocessing = 0;
		};
/* End PBXFrameworksBuildPhase section */

/* Begin PBXGroup section */
		940B0641108999F54683A581 /* Frameworks */ = {
			isa = PBXGroup;
			children = (
				CD81084B37D59920B433F041 /* Pods_Soundify.framework */,
			);
			name = Frameworks;
			sourceTree = "<group>";
		};
		A1DD0884923E3AD0A95DDFEC /* Pods */ = {
			isa = PBXGroup;
			children = (
				057D77AE60E2490B2AFAF75D /* Pods-Soundify.develop.xcconfig */,
				2AAA3D30FF8CDAFAD5AC9E33 /* Pods-Soundify.production.xcconfig */,
			);
			path = Pods;
			sourceTree = "<group>";
		};
		F11BB9352875289800F76EB3 = {
			isa = PBXGroup;
			children = (
				F1BECC2A28763853008EF0DF /* Env.xcconfig */,
				F11BB9402875289800F76EB3 /* Soundify */,
				F11BB93F2875289800F76EB3 /* Products */,
				A1DD0884923E3AD0A95DDFEC /* Pods */,
				940B0641108999F54683A581 /* Frameworks */,
			);
			sourceTree = "<group>";
		};
		F11BB93F2875289800F76EB3 /* Products */ = {
			isa = PBXGroup;
			children = (
				F11BB93E2875289800F76EB3 /* Soundify.app */,
			);
			name = Products;
			sourceTree = "<group>";
		};
		F11BB9402875289800F76EB3 /* Soundify */ = {
			isa = PBXGroup;
			children = (
				F1BECC2428762F65008EF0DF /* Data */,
				F1BECC1228760F5C008EF0DF /* Domain */,
				F17153912875E5A700B6126B /* Infrastructure */,
				F11BB96428752FA400F76EB3 /* Resources */,
				F11BB95A28752A2F00F76EB3 /* Presentation */,
				F11BB9552875298600F76EB3 /* Application */,
				F11BB94F2875289800F76EB3 /* Info.plist */,
			);
			path = Soundify;
			sourceTree = "<group>";
		};
		F11BB9552875298600F76EB3 /* Application */ = {
			isa = PBXGroup;
			children = (
				F11BB9562875298D00F76EB3 /* Main */,
			);
			path = Application;
			sourceTree = "<group>";
		};
		F11BB9562875298D00F76EB3 /* Main */ = {
			isa = PBXGroup;
			children = (
				F1BECC20287626F1008EF0DF /* Config */,
				F11BB9412875289800F76EB3 /* AppDelegate.swift */,
			);
			path = Main;
			sourceTree = "<group>";
		};
		F11BB957287529A100F76EB3 /* Protocols */ = {
			isa = PBXGroup;
			children = (
				F1AAF92328787AC400CE7427 /* Storage */,
				F17153932875E6A200B6126B /* Http */,
				F11BB958287529AF00F76EB3 /* Coordinator.swift */,
			);
			path = Protocols;
			sourceTree = "<group>";
		};
		F11BB95A28752A2F00F76EB3 /* Presentation */ = {
			isa = PBXGroup;
			children = (
				F11BB95C28752A5100F76EB3 /* Controllers */,
				F11BB95B28752A4B00F76EB3 /* Coordinators */,
			);
			path = Presentation;
			sourceTree = "<group>";
		};
		F11BB95B28752A4B00F76EB3 /* Coordinators */ = {
			isa = PBXGroup;
			children = (
				F11BB95D28752A6D00F76EB3 /* WelcomeCoordinator.swift */,
				F1AAF91C28784E6C00CE7427 /* SignInCoordinator.swift */,
			);
			path = Coordinators;
			sourceTree = "<group>";
		};
		F11BB95C28752A5100F76EB3 /* Controllers */ = {
			isa = PBXGroup;
			children = (
				F1BECC2B28763F78008EF0DF /* SignIn */,
				F11BB96128752C1800F76EB3 /* Welcome */,
			);
			path = Controllers;
			sourceTree = "<group>";
		};
		F11BB96128752C1800F76EB3 /* Welcome */ = {
			isa = PBXGroup;
			children = (
				F11BB95F28752B5A00F76EB3 /* WelcomeViewController.swift */,
				F11BB96228752CAE00F76EB3 /* WelcomeView.swift */,
			);
			path = Welcome;
			sourceTree = "<group>";
		};
		F11BB96428752FA400F76EB3 /* Resources */ = {
			isa = PBXGroup;
			children = (
				F11BB94A2875289800F76EB3 /* Assets.xcassets */,
				F11BB94C2875289800F76EB3 /* LaunchScreen.storyboard */,
			);
			path = Resources;
			sourceTree = "<group>";
		};
		F17153912875E5A700B6126B /* Infrastructure */ = {
			isa = PBXGroup;
			children = (
				F1E671AB287A80AF00AB6783 /* Managers */,
				F1AAF92628787B1600CE7427 /* Storage */,
				F17153922875E5AF00B6126B /* Http */,
			);
			path = Infrastructure;
			sourceTree = "<group>";
		};
		F17153922875E5AF00B6126B /* Http */ = {
			isa = PBXGroup;
			children = (
				F17153982875EAFF00B6126B /* HttpClient.swift */,
			);
			path = Http;
			sourceTree = "<group>";
		};
		F17153932875E6A200B6126B /* Http */ = {
			isa = PBXGroup;
			children = (
				F17153942875E80A00B6126B /* HttpPostClient.swift */,
				F17153962875EA8C00B6126B /* Response.swift */,
			);
			path = Http;
			sourceTree = "<group>";
		};
		F1AAF91E2878766600CE7427 /* Models */ = {
			isa = PBXGroup;
			children = (
				F1AAF91F2878768800CE7427 /* AccountModel.swift */,
			);
			path = Models;
			sourceTree = "<group>";
		};
		F1AAF92328787AC400CE7427 /* Storage */ = {
			isa = PBXGroup;
			children = (
				F1AAF92428787ACE00CE7427 /* StorageSaveClient.swift */,
			);
			path = Storage;
			sourceTree = "<group>";
		};
		F1AAF92628787B1600CE7427 /* Storage */ = {
			isa = PBXGroup;
			children = (
				F1AAF92728787B2400CE7427 /* StorageClient.swift */,
			);
			path = Storage;
			sourceTree = "<group>";
		};
		F1BECC1228760F5C008EF0DF /* Domain */ = {
			isa = PBXGroup;
			children = (
				F1AAF91E2878766600CE7427 /* Models */,
				F1BECC2128762D9C008EF0DF /* UseCases */,
				F1BECC1328760F62008EF0DF /* Errors */,
			);
			path = Domain;
			sourceTree = "<group>";
		};
		F1BECC1328760F62008EF0DF /* Errors */ = {
			isa = PBXGroup;
			children = (
				F1BECC1428760F69008EF0DF /* HttpError.swift */,
				F1BECC1628761096008EF0DF /* UnexpectedError.swift */,
				F1BECC1828761350008EF0DF /* NoDataError.swift */,
			);
			path = Errors;
			sourceTree = "<group>";
		};
		F1BECC20287626F1008EF0DF /* Config */ = {
			isa = PBXGroup;
			children = (
				F1BECC1A28761569008EF0DF /* Environment.swift */,
				F1BECC2828763661008EF0DF /* Constants.swift */,
			);
			path = Config;
			sourceTree = "<group>";
		};
		F1BECC2128762D9C008EF0DF /* UseCases */ = {
			isa = PBXGroup;
			children = (
				F1BECC2228762DCA008EF0DF /* Authentication.swift */,
			);
			path = UseCases;
			sourceTree = "<group>";
		};
		F1BECC2428762F65008EF0DF /* Data */ = {
			isa = PBXGroup;
			children = (
				F11BB957287529A100F76EB3 /* Protocols */,
				F1BECC2528762F6C008EF0DF /* UseCases */,
			);
			path = Data;
			sourceTree = "<group>";
		};
		F1BECC2528762F6C008EF0DF /* UseCases */ = {
			isa = PBXGroup;
			children = (
				F1AAF921287878D600CE7427 /* Authenticate.swift */,
			);
			path = UseCases;
			sourceTree = "<group>";
		};
		F1BECC2B28763F78008EF0DF /* SignIn */ = {
			isa = PBXGroup;
			children = (
				F1BECC2C28763FE2008EF0DF /* SignInViewController.swift */,
				F1BECC2E28764013008EF0DF /* SignInView.swift */,
			);
			path = SignIn;
			sourceTree = "<group>";
		};
		F1E671AB287A80AF00AB6783 /* Managers */ = {
			isa = PBXGroup;
			children = (
				F1BECC2628762F85008EF0DF /* AuthenticationManager.swift */,
			);
			path = Managers;
			sourceTree = "<group>";
		};
/* End PBXGroup section */

/* Begin PBXNativeTarget section */
		F11BB93D2875289800F76EB3 /* Soundify */ = {
			isa = PBXNativeTarget;
			buildConfigurationList = F11BB9522875289800F76EB3 /* Build configuration list for PBXNativeTarget "Soundify" */;
			buildPhases = (
				8C31BCE311DFB92547757C9E /* [CP] Check Pods Manifest.lock */,
				F11BB93A2875289800F76EB3 /* Sources */,
				F11BB93B2875289800F76EB3 /* Frameworks */,
				F11BB93C2875289800F76EB3 /* Resources */,
				8F3920481E9B7CC2985C6564 /* [CP] Embed Pods Frameworks */,
			);
			buildRules = (
			);
			dependencies = (
			);
			name = Soundify;
			productName = Soundify;
			productReference = F11BB93E2875289800F76EB3 /* Soundify.app */;
			productType = "com.apple.product-type.application";
		};
/* End PBXNativeTarget section */

/* Begin PBXProject section */
		F11BB9362875289800F76EB3 /* Project object */ = {
			isa = PBXProject;
			attributes = {
				BuildIndependentTargetsInParallel = 1;
				LastSwiftUpdateCheck = 1340;
				LastUpgradeCheck = 1340;
				TargetAttributes = {
					F11BB93D2875289800F76EB3 = {
						CreatedOnToolsVersion = 13.4.1;
					};
				};
			};
			buildConfigurationList = F11BB9392875289800F76EB3 /* Build configuration list for PBXProject "Soundify" */;
			compatibilityVersion = "Xcode 13.0";
			developmentRegion = en;
			hasScannedForEncodings = 0;
			knownRegions = (
				en,
				Base,
			);
			mainGroup = F11BB9352875289800F76EB3;
			productRefGroup = F11BB93F2875289800F76EB3 /* Products */;
			projectDirPath = "";
			projectRoot = "";
			targets = (
				F11BB93D2875289800F76EB3 /* Soundify */,
			);
		};
/* End PBXProject section */

/* Begin PBXResourcesBuildPhase section */
		F11BB93C2875289800F76EB3 /* Resources */ = {
			isa = PBXResourcesBuildPhase;
			buildActionMask = 2147483647;
			files = (
				F11BB94E2875289800F76EB3 /* LaunchScreen.storyboard in Resources */,
				F11BB94B2875289800F76EB3 /* Assets.xcassets in Resources */,
			);
			runOnlyForDeploymentPostprocessing = 0;
		};
/* End PBXResourcesBuildPhase section */

/* Begin PBXShellScriptBuildPhase section */
		8C31BCE311DFB92547757C9E /* [CP] Check Pods Manifest.lock */ = {
			isa = PBXShellScriptBuildPhase;
			buildActionMask = 2147483647;
			files = (
			);
			inputFileListPaths = (
			);
			inputPaths = (
				"${PODS_PODFILE_DIR_PATH}/Podfile.lock",
				"${PODS_ROOT}/Manifest.lock",
			);
			name = "[CP] Check Pods Manifest.lock";
			outputFileListPaths = (
			);
			outputPaths = (
				"$(DERIVED_FILE_DIR)/Pods-Soundify-checkManifestLockResult.txt",
			);
			runOnlyForDeploymentPostprocessing = 0;
			shellPath = /bin/sh;
			shellScript = "diff \"${PODS_PODFILE_DIR_PATH}/Podfile.lock\" \"${PODS_ROOT}/Manifest.lock\" > /dev/null\nif [ $? != 0 ] ; then\n    # print error to STDERR\n    echo \"error: The sandbox is not in sync with the Podfile.lock. Run 'pod install' or update your CocoaPods installation.\" >&2\n    exit 1\nfi\n# This output is used by Xcode 'outputs' to avoid re-running this script phase.\necho \"SUCCESS\" > \"${SCRIPT_OUTPUT_FILE_0}\"\n";
			showEnvVarsInLog = 0;
		};
		8F3920481E9B7CC2985C6564 /* [CP] Embed Pods Frameworks */ = {
			isa = PBXShellScriptBuildPhase;
			buildActionMask = 2147483647;
			files = (
			);
			inputFileListPaths = (
				"${PODS_ROOT}/Target Support Files/Pods-Soundify/Pods-Soundify-frameworks-${CONFIGURATION}-input-files.xcfilelist",
			);
			name = "[CP] Embed Pods Frameworks";
			outputFileListPaths = (
				"${PODS_ROOT}/Target Support Files/Pods-Soundify/Pods-Soundify-frameworks-${CONFIGURATION}-output-files.xcfilelist",
			);
			runOnlyForDeploymentPostprocessing = 0;
			shellPath = /bin/sh;
			shellScript = "\"${PODS_ROOT}/Target Support Files/Pods-Soundify/Pods-Soundify-frameworks.sh\"\n";
			showEnvVarsInLog = 0;
		};
/* End PBXShellScriptBuildPhase section */

/* Begin PBXSourcesBuildPhase section */
		F11BB93A2875289800F76EB3 /* Sources */ = {
			isa = PBXSourcesBuildPhase;
			buildActionMask = 2147483647;
			files = (
				F1AAF9202878768800CE7427 /* AccountModel.swift in Sources */,
				F11BB96328752CAE00F76EB3 /* WelcomeView.swift in Sources */,
				F1BECC1528760F69008EF0DF /* HttpError.swift in Sources */,
				F1AAF922287878D600CE7427 /* Authenticate.swift in Sources */,
				F11BB96028752B5A00F76EB3 /* WelcomeViewController.swift in Sources */,
				F17153992875EAFF00B6126B /* HttpClient.swift in Sources */,
				F1AAF91D28784E6C00CE7427 /* SignInCoordinator.swift in Sources */,
				F1BECC2328762DCA008EF0DF /* Authentication.swift in Sources */,
				F1BECC2928763661008EF0DF /* Constants.swift in Sources */,
				F1BECC2F28764013008EF0DF /* SignInView.swift in Sources */,
				F1BECC1928761350008EF0DF /* NoDataError.swift in Sources */,
				F11BB95E28752A6D00F76EB3 /* WelcomeCoordinator.swift in Sources */,
				F1BECC1B28761569008EF0DF /* Environment.swift in Sources */,
				F11BB9422875289800F76EB3 /* AppDelegate.swift in Sources */,
				F1BECC2728762F85008EF0DF /* AuthenticationManager.swift in Sources */,
				F17153952875E80A00B6126B /* HttpPostClient.swift in Sources */,
				F1AAF92528787ACE00CE7427 /* StorageSaveClient.swift in Sources */,
				F1BECC2D28763FE2008EF0DF /* SignInViewController.swift in Sources */,
				F1BECC1728761096008EF0DF /* UnexpectedError.swift in Sources */,
				F11BB959287529AF00F76EB3 /* Coordinator.swift in Sources */,
				F1AAF92828787B2400CE7427 /* StorageClient.swift in Sources */,
				F17153972875EA8C00B6126B /* Response.swift in Sources */,
			);
			runOnlyForDeploymentPostprocessing = 0;
		};
/* End PBXSourcesBuildPhase section */

/* Begin PBXVariantGroup section */
		F11BB94C2875289800F76EB3 /* LaunchScreen.storyboard */ = {
			isa = PBXVariantGroup;
			children = (
				F11BB94D2875289800F76EB3 /* Base */,
			);
			name = LaunchScreen.storyboard;
			sourceTree = "<group>";
		};
/* End PBXVariantGroup section */

/* Begin XCBuildConfiguration section */
		F1BECC1C28761947008EF0DF /* develop */ = {
			isa = XCBuildConfiguration;
			baseConfigurationReference = F1BECC2A28763853008EF0DF /* Env.xcconfig */;
			buildSettings = {
				ALWAYS_SEARCH_USER_PATHS = NO;
				CLANG_ANALYZER_NONNULL = YES;
				CLANG_ANALYZER_NUMBER_OBJECT_CONVERSION = YES_AGGRESSIVE;
				CLANG_CXX_LANGUAGE_STANDARD = "gnu++17";
				CLANG_ENABLE_MODULES = YES;
				CLANG_ENABLE_OBJC_ARC = YES;
				CLANG_ENABLE_OBJC_WEAK = YES;
				CLANG_WARN_BLOCK_CAPTURE_AUTORELEASING = YES;
				CLANG_WARN_BOOL_CONVERSION = YES;
				CLANG_WARN_COMMA = YES;
				CLANG_WARN_CONSTANT_CONVERSION = YES;
				CLANG_WARN_DEPRECATED_OBJC_IMPLEMENTATIONS = YES;
				CLANG_WARN_DIRECT_OBJC_ISA_USAGE = YES_ERROR;
				CLANG_WARN_DOCUMENTATION_COMMENTS = YES;
				CLANG_WARN_EMPTY_BODY = YES;
				CLANG_WARN_ENUM_CONVERSION = YES;
				CLANG_WARN_INFINITE_RECURSION = YES;
				CLANG_WARN_INT_CONVERSION = YES;
				CLANG_WARN_NON_LITERAL_NULL_CONVERSION = YES;
				CLANG_WARN_OBJC_IMPLICIT_RETAIN_SELF = YES;
				CLANG_WARN_OBJC_LITERAL_CONVERSION = YES;
				CLANG_WARN_OBJC_ROOT_CLASS = YES_ERROR;
				CLANG_WARN_QUOTED_INCLUDE_IN_FRAMEWORK_HEADER = YES;
				CLANG_WARN_RANGE_LOOP_ANALYSIS = YES;
				CLANG_WARN_STRICT_PROTOTYPES = YES;
				CLANG_WARN_SUSPICIOUS_MOVE = YES;
				CLANG_WARN_UNGUARDED_AVAILABILITY = YES_AGGRESSIVE;
				CLANG_WARN_UNREACHABLE_CODE = YES;
				CLANG_WARN__DUPLICATE_METHOD_MATCH = YES;
				COPY_PHASE_STRIP = NO;
				DEBUG_INFORMATION_FORMAT = dwarf;
				ENABLE_STRICT_OBJC_MSGSEND = YES;
				ENABLE_TESTABILITY = YES;
				GCC_C_LANGUAGE_STANDARD = gnu11;
				GCC_DYNAMIC_NO_PIC = NO;
				GCC_NO_COMMON_BLOCKS = YES;
				GCC_OPTIMIZATION_LEVEL = 0;
				GCC_PREPROCESSOR_DEFINITIONS = (
					"DEBUG=1",
					"$(inherited)",
				);
				GCC_WARN_64_TO_32_BIT_CONVERSION = YES;
				GCC_WARN_ABOUT_RETURN_TYPE = YES_ERROR;
				GCC_WARN_UNDECLARED_SELECTOR = YES;
				GCC_WARN_UNINITIALIZED_AUTOS = YES_AGGRESSIVE;
				GCC_WARN_UNUSED_FUNCTION = YES;
				GCC_WARN_UNUSED_VARIABLE = YES;
				IPHONEOS_DEPLOYMENT_TARGET = 15.5;
				MTL_ENABLE_DEBUG_INFO = INCLUDE_SOURCE;
				MTL_FAST_MATH = YES;
				ONLY_ACTIVE_ARCH = YES;
				SDKROOT = iphoneos;
				SWIFT_ACTIVE_COMPILATION_CONDITIONS = DEBUG;
				SWIFT_OPTIMIZATION_LEVEL = "-Onone";
			};
			name = develop;
		};
		F1BECC1D28761947008EF0DF /* develop */ = {
			isa = XCBuildConfiguration;
			baseConfigurationReference = 057D77AE60E2490B2AFAF75D /* Pods-Soundify.develop.xcconfig */;
			buildSettings = {
				ASSETCATALOG_COMPILER_APPICON_NAME = AppIcon;
				ASSETCATALOG_COMPILER_GLOBAL_ACCENT_COLOR_NAME = AccentColor;
				AUTH_URL = "https://accounts.spotify.com";
				BASE_URL = "https://api.spotify.com/v1";
				CODE_SIGN_STYLE = Automatic;
				CURRENT_PROJECT_VERSION = 1;
				DEVELOPMENT_TEAM = AF72TWGFLX;
				GENERATE_INFOPLIST_FILE = YES;
				INFOPLIST_FILE = Soundify/Info.plist;
				INFOPLIST_KEY_UIApplicationSupportsIndirectInputEvents = YES;
				INFOPLIST_KEY_UILaunchStoryboardName = LaunchScreen;
				INFOPLIST_KEY_UISupportedInterfaceOrientations_iPad = "UIInterfaceOrientationPortrait UIInterfaceOrientationPortraitUpsideDown UIInterfaceOrientationLandscapeLeft UIInterfaceOrientationLandscapeRight";
				INFOPLIST_KEY_UISupportedInterfaceOrientations_iPhone = "UIInterfaceOrientationPortrait UIInterfaceOrientationLandscapeLeft UIInterfaceOrientationLandscapeRight";
				IPHONEOS_DEPLOYMENT_TARGET = 13.0;
				LD_RUNPATH_SEARCH_PATHS = (
					"$(inherited)",
					"@executable_path/Frameworks",
				);
				MARKETING_VERSION = 1.0;
				PRODUCT_BUNDLE_IDENTIFIER = com.raulmax319.Soundify;
				PRODUCT_NAME = "$(TARGET_NAME)";
				REDIRECT_URL = "https://raulmax319.netlify.app";
				SWIFT_EMIT_LOC_STRINGS = YES;
				SWIFT_VERSION = 5.0;
				TARGETED_DEVICE_FAMILY = 1;
			};
			name = develop;
		};
		F1BECC1E28761968008EF0DF /* production */ = {
			isa = XCBuildConfiguration;
			baseConfigurationReference = F1BECC2A28763853008EF0DF /* Env.xcconfig */;
			buildSettings = {
				ALWAYS_SEARCH_USER_PATHS = NO;
				CLANG_ANALYZER_NONNULL = YES;
				CLANG_ANALYZER_NUMBER_OBJECT_CONVERSION = YES_AGGRESSIVE;
				CLANG_CXX_LANGUAGE_STANDARD = "gnu++17";
				CLANG_ENABLE_MODULES = YES;
				CLANG_ENABLE_OBJC_ARC = YES;
				CLANG_ENABLE_OBJC_WEAK = YES;
				CLANG_WARN_BLOCK_CAPTURE_AUTORELEASING = YES;
				CLANG_WARN_BOOL_CONVERSION = YES;
				CLANG_WARN_COMMA = YES;
				CLANG_WARN_CONSTANT_CONVERSION = YES;
				CLANG_WARN_DEPRECATED_OBJC_IMPLEMENTATIONS = YES;
				CLANG_WARN_DIRECT_OBJC_ISA_USAGE = YES_ERROR;
				CLANG_WARN_DOCUMENTATION_COMMENTS = YES;
				CLANG_WARN_EMPTY_BODY = YES;
				CLANG_WARN_ENUM_CONVERSION = YES;
				CLANG_WARN_INFINITE_RECURSION = YES;
				CLANG_WARN_INT_CONVERSION = YES;
				CLANG_WARN_NON_LITERAL_NULL_CONVERSION = YES;
				CLANG_WARN_OBJC_IMPLICIT_RETAIN_SELF = YES;
				CLANG_WARN_OBJC_LITERAL_CONVERSION = YES;
				CLANG_WARN_OBJC_ROOT_CLASS = YES_ERROR;
				CLANG_WARN_QUOTED_INCLUDE_IN_FRAMEWORK_HEADER = YES;
				CLANG_WARN_RANGE_LOOP_ANALYSIS = YES;
				CLANG_WARN_STRICT_PROTOTYPES = YES;
				CLANG_WARN_SUSPICIOUS_MOVE = YES;
				CLANG_WARN_UNGUARDED_AVAILABILITY = YES_AGGRESSIVE;
				CLANG_WARN_UNREACHABLE_CODE = YES;
				CLANG_WARN__DUPLICATE_METHOD_MATCH = YES;
				COPY_PHASE_STRIP = NO;
				DEBUG_INFORMATION_FORMAT = "dwarf-with-dsym";
				ENABLE_NS_ASSERTIONS = NO;
				ENABLE_STRICT_OBJC_MSGSEND = YES;
				GCC_C_LANGUAGE_STANDARD = gnu11;
				GCC_NO_COMMON_BLOCKS = YES;
				GCC_WARN_64_TO_32_BIT_CONVERSION = YES;
				GCC_WARN_ABOUT_RETURN_TYPE = YES_ERROR;
				GCC_WARN_UNDECLARED_SELECTOR = YES;
				GCC_WARN_UNINITIALIZED_AUTOS = YES_AGGRESSIVE;
				GCC_WARN_UNUSED_FUNCTION = YES;
				GCC_WARN_UNUSED_VARIABLE = YES;
				IPHONEOS_DEPLOYMENT_TARGET = 15.5;
				MTL_ENABLE_DEBUG_INFO = NO;
				MTL_FAST_MATH = YES;
				SDKROOT = iphoneos;
				SWIFT_COMPILATION_MODE = wholemodule;
				SWIFT_OPTIMIZATION_LEVEL = "-O";
				VALIDATE_PRODUCT = YES;
			};
			name = production;
		};
		F1BECC1F28761968008EF0DF /* production */ = {
			isa = XCBuildConfiguration;
			baseConfigurationReference = 2AAA3D30FF8CDAFAD5AC9E33 /* Pods-Soundify.production.xcconfig */;
			buildSettings = {
				ASSETCATALOG_COMPILER_APPICON_NAME = AppIcon;
				ASSETCATALOG_COMPILER_GLOBAL_ACCENT_COLOR_NAME = AccentColor;
				AUTH_URL = "https://accounts.spotify.com";
				BASE_URL = "https://api.spotify.com/v1";
				CODE_SIGN_STYLE = Automatic;
				CURRENT_PROJECT_VERSION = 1;
				DEVELOPMENT_TEAM = AF72TWGFLX;
				GENERATE_INFOPLIST_FILE = YES;
				INFOPLIST_FILE = Soundify/Info.plist;
				INFOPLIST_KEY_UIApplicationSupportsIndirectInputEvents = YES;
				INFOPLIST_KEY_UILaunchStoryboardName = LaunchScreen;
				INFOPLIST_KEY_UISupportedInterfaceOrientations_iPad = "UIInterfaceOrientationPortrait UIInterfaceOrientationPortraitUpsideDown UIInterfaceOrientationLandscapeLeft UIInterfaceOrientationLandscapeRight";
				INFOPLIST_KEY_UISupportedInterfaceOrientations_iPhone = "UIInterfaceOrientationPortrait UIInterfaceOrientationLandscapeLeft UIInterfaceOrientationLandscapeRight";
				IPHONEOS_DEPLOYMENT_TARGET = 13.0;
				LD_RUNPATH_SEARCH_PATHS = (
					"$(inherited)",
					"@executable_path/Frameworks",
				);
				MARKETING_VERSION = 1.0;
				PRODUCT_BUNDLE_IDENTIFIER = com.raulmax319.Soundify;
				PRODUCT_NAME = "$(TARGET_NAME)";
				REDIRECT_URL = "https://raulmax319.netlify.app";
				SWIFT_EMIT_LOC_STRINGS = YES;
				SWIFT_VERSION = 5.0;
				TARGETED_DEVICE_FAMILY = 1;
			};
			name = production;
		};
/* End XCBuildConfiguration section */

/* Begin XCConfigurationList section */
		F11BB9392875289800F76EB3 /* Build configuration list for PBXProject "Soundify" */ = {
			isa = XCConfigurationList;
			buildConfigurations = (
				F1BECC1C28761947008EF0DF /* develop */,
				F1BECC1E28761968008EF0DF /* production */,
			);
			defaultConfigurationIsVisible = 0;
			defaultConfigurationName = develop;
		};
		F11BB9522875289800F76EB3 /* Build configuration list for PBXNativeTarget "Soundify" */ = {
			isa = XCConfigurationList;
			buildConfigurations = (
				F1BECC1D28761947008EF0DF /* develop */,
				F1BECC1F28761968008EF0DF /* production */,
			);
			defaultConfigurationIsVisible = 0;
			defaultConfigurationName = develop;
		};
/* End XCConfigurationList section */
	};
	rootObject = F11BB9362875289800F76EB3 /* Project object */;
}
